
Microsoft Visual Studio Solution File, Format Version 12.00
# Visual Studio 15
Project("{FAE04EC0-301F-11D3-BF4B-00C04F79EFBC}") = "Assembly-CSharp-Editor", "Assembly-CSharp-Editor.csproj", "{D9136099-C229-6EC7-B8A6-05859F333107}"
EndProject
Global
	GlobalSection(SolutionConfigurationPlatforms) = preSolution
		Debug|Any CPU = Debug|Any CPU
		Release|Any CPU = Release|Any CPU
	EndGlobalSection
	GlobalSection(ProjectConfigurationPlatforms) = postSolution
		{D9136099-C229-6EC7-B8A6-05859F333107}.Debug|Any CPU.ActiveCfg = Debug|Any CPU
		{D9136099-C229-6EC7-B8A6-05859F333107}.Debug|Any CPU.Build.0 = Debug|Any CPU
		{D9136099-C229-6EC7-B8A6-05859F333107}.Release|Any CPU.ActiveCfg = Release|Any CPU
		{D9136099-C229-6EC7-B8A6-05859F333107}.Release|Any CPU.Build.0 = Release|Any CPU
	EndGlobalSection
	GlobalSection(SolutionProperties) = preSolution
		HideSolutionNode = FALSE
	EndGlobalSection
EndGlobal
